
Microsoft Visual Studio Solution File, Format Version 12.00
# Visual Studio Version 17
VisualStudioVersion = 17.0.31919.166
MinimumVisualStudioVersion = 10.0.40219.1
Project("{FAE04EC0-301F-11D3-BF4B-00C04F79EFBC}") = "pipeline", "pipeline\pipeline.csproj", "{54984F6A-8FB7-4662-B732-1A358A322CCB}"
EndProject
Global
	GlobalSection(SolutionConfigurationPlatforms) = preSolution
		Debug|Any CPU = Debug|Any CPU
		Release|Any CPU = Release|Any CPU
	EndGlobalSection
	GlobalSection(ProjectConfigurationPlatforms) = postSolution
		{54984F6A-8FB7-4662-B732-1A358A322CCB}.Debug|Any CPU.ActiveCfg = Debug|Any CPU
		{54984F6A-8FB7-4662-B732-1A358A322CCB}.Debug|Any CPU.Build.0 = Debug|Any CPU
		{54984F6A-8FB7-4662-B732-1A358A322CCB}.Release|Any CPU.ActiveCfg = Release|Any CPU
		{54984F6A-8FB7-4662-B732-1A358A322CCB}.Release|Any CPU.Build.0 = Release|Any CPU
	EndGlobalSection
	GlobalSection(SolutionProperties) = preSolution
		HideSolutionNode = FALSE
	EndGlobalSection
	GlobalSection(ExtensibilityGlobals) = postSolution
		SolutionGuid = {0D10D9E6-C2FC-4483-9CC4-916774BABC73}
	EndGlobalSection
EndGlobal
